# Generated by pub
# See https://dart.dev/tools/pub/glossary#lockfile
packages:
  change_case:
    dependency: "direct dev"
    description:
      name: change_case
      sha256: e41ef3df58521194ef8d7649928954805aeb08061917cf658322305e61568003
      url: "https://pub.dev"
    source: hosted
    version: "2.2.0"
  ffi:
    dependency: "direct main"
    description:
      name: ffi
      sha256: d07d37192dbf97461359c1518788f203b0c9102cfd2c35a716b823741219542c
      url: "https://pub.dev"
    source: hosted
    version: "2.1.5"
  halildurmus_lints:
    dependency: "direct dev"
    description:
      name: halildurmus_lints
      sha256: df5126c4db3fbb2b851c7436d5c305c3351559e9792baaab107d24df971dca96
      url: "https://pub.dev"
    source: hosted
    version: "1.1.0"
  meta:
    dependency: transitive
    description:
      name: meta
      sha256: "9f29b9bcc8ee287b1a31e0d01be0eae99a930dbffdaecf04b3f3d82a969f296f"
      url: "https://pub.dev"
    source: hosted
    version: "1.18.1"
sdks:
  dart: ">=3.10.9 <4.0.0"
