# Generated by pub
# See https://dart.dev/tools/pub/glossary#lockfile
packages:
  change_case:
    dependency: "direct main"
    description:
      name: change_case
      sha256: e41ef3df58521194ef8d7649928954805aeb08061917cf658322305e61568003
      url: "https://pub.dev"
    source: hosted
    version: "2.2.0"
  ffi:
    dependency: "direct main"
    description:
      name: ffi
      sha256: "6d7fd89431262d8f3125e81b50d3847a091d846eafcd4fdb88dd06f36d705a45"
      url: "https://pub.dev"
    source: hosted
    version: "2.2.0"
  halildurmus_lints:
    dependency: "direct dev"
    description:
      name: halildurmus_lints
      sha256: d09cb6ae2912e509aaec2acaad479ba7d3bbff8dfabd479db91ba34a6074f93f
      url: "https://pub.dev"
    source: hosted
    version: "2.0.0"
  meta:
    dependency: transitive
    description:
      name: meta
      sha256: df0c643f44ad098eb37988027a8e2b2b5a031fd3977f06bbfd3a76637e8df739
      url: "https://pub.dev"
    source: hosted
    version: "1.18.2"
sdks:
  dart: ">=3.12.1 <4.0.0"
