# Generated by pub
# See https://dart.dev/tools/pub/glossary#lockfile
packages:
  change_case:
    dependency: "direct dev"
    description:
      name: change_case
      sha256: e41ef3df58521194ef8d7649928954805aeb08061917cf658322305e61568003
      url: "https://pub.dev"
    source: hosted
    version: "2.2.0"
  ffi:
    dependency: "direct main"
    description:
      name: ffi
      sha256: "289279317b4b16eb2bb7e271abccd4bf84ec9bdcbe999e278a94b804f5630418"
      url: "https://pub.dev"
    source: hosted
    version: "2.1.4"
  halildurmus_lints:
    dependency: "direct dev"
    description:
      name: halildurmus_lints
      sha256: e53fb1a654c2ed5a4e04b024c0b129fa6c86cadfa6d6218ed66fa35c74587af7
      url: "https://pub.dev"
    source: hosted
    version: "1.0.1"
  meta:
    dependency: transitive
    description:
      name: meta
      sha256: "23f08335362185a5ea2ad3a4e597f1375e78bce8a040df5c600c8d3552ef2394"
      url: "https://pub.dev"
    source: hosted
    version: "1.17.0"
sdks:
  dart: ">=3.10.0 <4.0.0"
